
Microsoft Visual Studio Solution File, Format Version 12.00
# Visual Studio Version 17
VisualStudioVersion = 17.8.34511.84
MinimumVisualStudioVersion = 10.0.40219.1
Project("{FAE04EC0-301F-11D3-BF4B-00C04F79EFBC}") = "DEML20241103", "DEML20241103\DEML20241103.csproj", "{84AC0DE9-C24A-40E3-B095-742E04FFCDA6}"
EndProject
Global
	GlobalSection(SolutionConfigurationPlatforms) = preSolution
		Debug|Any CPU = Debug|Any CPU
		Release|Any CPU = Release|Any CPU
	EndGlobalSection
	GlobalSection(ProjectConfigurationPlatforms) = postSolution
		{84AC0DE9-C24A-40E3-B095-742E04FFCDA6}.Debug|Any CPU.ActiveCfg = Debug|Any CPU
		{84AC0DE9-C24A-40E3-B095-742E04FFCDA6}.Debug|Any CPU.Build.0 = Debug|Any CPU
		{84AC0DE9-C24A-40E3-B095-742E04FFCDA6}.Release|Any CPU.ActiveCfg = Release|Any CPU
		{84AC0DE9-C24A-40E3-B095-742E04FFCDA6}.Release|Any CPU.Build.0 = Release|Any CPU
	EndGlobalSection
	GlobalSection(SolutionProperties) = preSolution
		HideSolutionNode = FALSE
	EndGlobalSection
	GlobalSection(ExtensibilityGlobals) = postSolution
		SolutionGuid = {98048075-1A7B-4AB0-9BDE-8F384B108A93}
	EndGlobalSection
EndGlobal
